{
    "_readme": [
        "This file locks the dependencies of your project to a known state",
        "Read more about it at https://getcomposer.org/doc/01-basic-usage.md#installing-dependencies",
        "This file is @generated automatically"
    ],
    "content-hash": "611b6c9dbc02e6a0e779e89d03661a66",
    "packages": [],
    "packages-dev": [
        {
            "name": "noresources/ns-php-core",
            "version": "dev-master",
            "source": {
                "type": "git",
                "url": "https://github.com/noresources/ns-php-core",
                "reference": "8b857996eceaa571813c5c440981b55dad3a65b2"
            },
            "require": {
                "ext-json": "*",
                "php": ">= 5.5",
                "psr/container": "^1.0",
                "psr/log": "^1.1"
            },
            "require-dev": {
                "nette/php-generator": "^3.4",
                "phpunit/phpunit": "< 7.0"
            },
            "suggest": {
                "ext-yaml": "Needed to load DataTree content from YAML encoded file"
            },
            "default-branch": true,
            "type": "library",
            "extra": {
                "branch-alias": {
                    "dev-1.0.x": "1.0.x-dev",
                    "dev-1.1.x": "1.1.x-dev",
                    "dev-2.0.x": "2.0.x-dev",
                    "dev-master": "2.2.x-dev"
                }
            },
            "autoload": {
                "psr-4": {
                    "NoreSources\\": "src/",
                    "NoreSources\\Test\\": "tests/src/"
                }
            },
            "scripts": {
                "tests": [
                    "@php  ./vendor/bin/phpunit --color=never --bootstrap vendor/autoload.php tests"
                ]
            },
            "license": [
                "MIT"
            ],
            "authors": [
                {
                    "name": "Renaud Guillard",
                    "email": "dev@nore.fr",
                    "role": "lead"
                }
            ],
            "description": "Utility class library for PHP",
            "keywords": [
                "Utility"
            ],
            "support": {
                "issues": "https://github.com/noresources/ns-php-core/issues"
            },
            "time": "2020-12-17T21:41:44+00:00"
        },
        {
            "name": "noresources/ns-php-xslt",
            "version": "2.0.x-dev",
            "source": {
                "type": "git",
                "url": "https://github.com/noresources/ns-php-xslt",
                "reference": "fa87f0d1f50b142f40359cf6d623ef850e3b0eaa"
            },
            "require": {
                "ext-dom": "*",
                "ext-xsl": "*",
                "noresources/ns-php-core": "~2.0",
                "php": ">= 5.5"
            },
            "require-dev": {
                "phpunit/phpunit": "~7.0"
            },
            "type": "library",
            "extra": {
                "branch-alias": {
                    "dev-master": "1.0.x-dev",
                    "dev-2.0.x": "2.0.x-dev"
                }
            },
            "autoload": {
                "psr-4": {
                    "NoreSources\\XSLT\\": "src/"
                }
            },
            "license": [
                "MIT"
            ],
            "authors": [
                {
                    "name": "Renaud Guillard",
                    "email": "dev@nore.fr",
                    "role": "lead"
                }
            ],
            "description": "XSLT-related class library for PHP",
            "support": {
                "issues": "https://github.com/noresources/ns-php-xslt/issues"
            },
            "time": "2020-04-04T11:53:50+00:00"
        },
        {
            "name": "psr/container",
            "version": "1.1.x-dev",
            "source": {
                "type": "git",
                "url": "https://github.com/php-fig/container.git",
                "reference": "8622567409010282b7aeebe4bb841fe98b58dcaf"
            },
            "dist": {
                "type": "zip",
                "url": "https://api.github.com/repos/php-fig/container/zipball/8622567409010282b7aeebe4bb841fe98b58dcaf",
                "reference": "8622567409010282b7aeebe4bb841fe98b58dcaf",
                "shasum": ""
            },
            "require": {
                "php": ">=7.2.0"
            },
            "type": "library",
            "autoload": {
                "psr-4": {
                    "Psr\\Container\\": "src/"
                }
            },
            "notification-url": "https://packagist.org/downloads/",
            "license": [
                "MIT"
            ],
            "authors": [
                {
                    "name": "PHP-FIG",
                    "homepage": "https://www.php-fig.org/"
                }
            ],
            "description": "Common Container Interface (PHP FIG PSR-11)",
            "homepage": "https://github.com/php-fig/container",
            "keywords": [
                "PSR-11",
                "container",
                "container-interface",
                "container-interop",
                "psr"
            ],
            "support": {
                "issues": "https://github.com/php-fig/container/issues",
                "source": "https://github.com/php-fig/container/tree/1.1.x"
            },
            "time": "2021-03-05T17:36:06+00:00"
        },
        {
            "name": "psr/log",
            "version": "dev-master",
            "source": {
                "type": "git",
                "url": "https://github.com/php-fig/log.git",
                "reference": "d49695b909c3b7628b6289db5479a1c204601f11"
            },
            "dist": {
                "type": "zip",
                "url": "https://api.github.com/repos/php-fig/log/zipball/d49695b909c3b7628b6289db5479a1c204601f11",
                "reference": "d49695b909c3b7628b6289db5479a1c204601f11",
                "shasum": ""
            },
            "require": {
                "php": ">=5.3.0"
            },
            "default-branch": true,
            "type": "library",
            "extra": {
                "branch-alias": {
                    "dev-master": "1.1.x-dev"
                }
            },
            "autoload": {
                "psr-4": {
                    "Psr\\Log\\": "Psr/Log/"
                }
            },
            "notification-url": "https://packagist.org/downloads/",
            "license": [
                "MIT"
            ],
            "authors": [
                {
                    "name": "PHP-FIG",
                    "homepage": "https://www.php-fig.org/"
                }
            ],
            "description": "Common interface for logging libraries",
            "homepage": "https://github.com/php-fig/log",
            "keywords": [
                "log",
                "psr",
                "psr-3"
            ],
            "support": {
                "source": "https://github.com/php-fig/log/tree/1.1.4"
            },
            "time": "2021-05-03T11:20:27+00:00"
        }
    ],
    "aliases": [],
    "minimum-stability": "dev",
    "stability-flags": [],
    "prefer-stable": false,
    "prefer-lowest": false,
    "platform": {
        "php": ">= 5.3"
    },
    "platform-dev": [],
    "plugin-api-version": "2.0.0"
}
